Microsoft Visual Studio Solution File, Format Version 12.00
# Visual Studio Version 17
VisualStudioVersion = 17.5.2.0
MinimumVisualStudioVersion = 10.0.40219.1
Project("{FAE04EC0-301F-11D3-BF4B-00C04F79EFBC}") = "MyJokesApp", "MyJokesApp.csproj", "{75E975D9-1076-863B-B92A-62682A754AD2}"
EndProject
Global
	GlobalSection(SolutionConfigurationPlatforms) = preSolution
		Debug|Any CPU = Debug|Any CPU
		Release|Any CPU = Release|Any CPU
	EndGlobalSection
	GlobalSection(ProjectConfigurationPlatforms) = postSolution
		{75E975D9-1076-863B-B92A-62682A754AD2}.Debug|Any CPU.ActiveCfg = Debug|Any CPU
		{75E975D9-1076-863B-B92A-62682A754AD2}.Debug|Any CPU.Build.0 = Debug|Any CPU
		{75E975D9-1076-863B-B92A-62682A754AD2}.Release|Any CPU.ActiveCfg = Release|Any CPU
		{75E975D9-1076-863B-B92A-62682A754AD2}.Release|Any CPU.Build.0 = Release|Any CPU
	EndGlobalSection
	GlobalSection(SolutionProperties) = preSolution
		HideSolutionNode = FALSE
	EndGlobalSection
	GlobalSection(ExtensibilityGlobals) = postSolution
		SolutionGuid = {276CFF29-5592-4586-A029-5FC3BD08559F}
	EndGlobalSection
EndGlobal
